
Microsoft Visual Studio Solution File, Format Version 12.00
# Visual Studio Version 17
VisualStudioVersion = 17.3.32922.545
MinimumVisualStudioVersion = 10.0.40219.1
Project("{FAE04EC0-301F-11D3-BF4B-00C04F79EFBC}") = "AddressBook", "AddressBook\AddressBook.csproj", "{E2A14748-3464-45B8-94E3-F8CC06EE9813}"
EndProject
Global
	GlobalSection(SolutionConfigurationPlatforms) = preSolution
		Debug|Any CPU = Debug|Any CPU
		Release|Any CPU = Release|Any CPU
	EndGlobalSection
	GlobalSection(ProjectConfigurationPlatforms) = postSolution
		{E2A14748-3464-45B8-94E3-F8CC06EE9813}.Debug|Any CPU.ActiveCfg = Debug|Any CPU
		{E2A14748-3464-45B8-94E3-F8CC06EE9813}.Debug|Any CPU.Build.0 = Debug|Any CPU
		{E2A14748-3464-45B8-94E3-F8CC06EE9813}.Release|Any CPU.ActiveCfg = Release|Any CPU
		{E2A14748-3464-45B8-94E3-F8CC06EE9813}.Release|Any CPU.Build.0 = Release|Any CPU
	EndGlobalSection
	GlobalSection(SolutionProperties) = preSolution
		HideSolutionNode = FALSE
	EndGlobalSection
	GlobalSection(ExtensibilityGlobals) = postSolution
		SolutionGuid = {DCF86AE0-1E9C-441E-9537-35B78D39687D}
	EndGlobalSection
EndGlobal
